
Microsoft Visual Studio Solution File, Format Version 12.00
# Visual Studio 2012
Project("{FAE04EC0-301F-11D3-BF4B-00C04F79EFBC}") = "GK_Lab1", "GK_Lab1\GK_Lab1.csproj", "{1671B9C1-15FF-4AD1-9AA2-7BE88BFD1822}"
EndProject
Global
	GlobalSection(SolutionConfigurationPlatforms) = preSolution
		Debug|Any CPU = Debug|Any CPU
		Release|Any CPU = Release|Any CPU
	EndGlobalSection
	GlobalSection(ProjectConfigurationPlatforms) = postSolution
		{1671B9C1-15FF-4AD1-9AA2-7BE88BFD1822}.Debug|Any CPU.ActiveCfg = Debug|Any CPU
		{1671B9C1-15FF-4AD1-9AA2-7BE88BFD1822}.Debug|Any CPU.Build.0 = Debug|Any CPU
		{1671B9C1-15FF-4AD1-9AA2-7BE88BFD1822}.Release|Any CPU.ActiveCfg = Release|Any CPU
		{1671B9C1-15FF-4AD1-9AA2-7BE88BFD1822}.Release|Any CPU.Build.0 = Release|Any CPU
	EndGlobalSection
	GlobalSection(SolutionProperties) = preSolution
		HideSolutionNode = FALSE
	EndGlobalSection
EndGlobal
